// !$*UTF8*$!
{
	archiveVersion = 1;
	classes = {
	};
	objectVersion = 48;
	objects = {

/* Begin PBXBuildFile section */
		7F2E25B122039EE800FEB12B /* AppDelegate.swift in Sources */ = {isa = PBXBuildFile; fileRef = 7F2E25B022039EE800FEB12B /* AppDelegate.swift */; };
		7F2E25B322039EE800FEB12B /* ViewController.swift in Sources */ = {isa = PBXBuildFile; fileRef = 7F2E25B222039EE800FEB12B /* ViewController.swift */; };
		7F2E25B622039EE800FEB12B /* Main.storyboard in Resources */ = {isa = PBXBuildFile; fileRef = 7F2E25B422039EE800FEB12B /* Main.storyboard */; };
		7F2E25B822039EE800FEB12B /* Assets.xcassets in Resources */ = {isa = PBXBuildFile; fileRef = 7F2E25B722039EE800FEB12B /* Assets.xcassets */; };
		7F2E25BB22039EE800FEB12B /* LaunchScreen.storyboard in Resources */ = {isa = PBXBuildFile; fileRef = 7F2E25B922039EE800FEB12B /* LaunchScreen.storyboard */; };
		7F2E25C622039EE800FEB12B /* WeatherTests.swift in Sources */ = {isa = PBXBuildFile; fileRef = 7F2E25C522039EE800FEB12B /* WeatherTests.swift */; };
		7F2E25D12204BC5500FEB12B /* APIWrapper.swift in Sources */ = {isa = PBXBuildFile; fileRef = 7F2E25D02204BC5400FEB12B /* APIWrapper.swift */; };
		7F2E25D322075C6E00FEB12B /* Weather.swift in Sources */ = {isa = PBXBuildFile; fileRef = 7F2E25D222075C6E00FEB12B /* Weather.swift */; };
		7F2E25D52207632900FEB12B /* WeatherViewController.swift in Sources */ = {isa = PBXBuildFile; fileRef = 7F2E25D42207632900FEB12B /* WeatherViewController.swift */; };
		7F2E25D72207734900FEB12B /* UIAlertController+Navigation.swift in Sources */ = {isa = PBXBuildFile; fileRef = 7F2E25D62207734900FEB12B /* UIAlertController+Navigation.swift */; };
/* End PBXBuildFile section */

/* Begin PBXContainerItemProxy section */
		7F2E25C222039EE800FEB12B /* PBXContainerItemProxy */ = {
			isa = PBXContainerItemProxy;
			containerPortal = 7F2E25A522039EE700FEB12B /* Project object */;
			proxyType = 1;
			remoteGlobalIDString = 7F2E25AC22039EE800FEB12B;
			remoteInfo = Weather;
		};
/* End PBXContainerItemProxy section */

/* Begin PBXFileReference section */
		7F2E25AD22039EE800FEB12B /* Weather.app */ = {isa = PBXFileReference; explicitFileType = wrapper.application; includeInIndex = 0; path = Weather.app; sourceTree = BUILT_PRODUCTS_DIR; };
		7F2E25B022039EE800FEB12B /* AppDelegate.swift */ = {isa = PBXFileReference; lastKnownFileType = sourcecode.swift; path = AppDelegate.swift; sourceTree = "<group>"; };
		7F2E25B222039EE800FEB12B /* ViewController.swift */ = {isa = PBXFileReference; lastKnownFileType = sourcecode.swift; path = ViewController.swift; sourceTree = "<group>"; };
		7F2E25B522039EE800FEB12B /* Base */ = {isa = PBXFileReference; lastKnownFileType = file.storyboard; name = Base; path = Base.lproj/Main.storyboard; sourceTree = "<group>"; };
		7F2E25B722039EE800FEB12B /* Assets.xcassets */ = {isa = PBXFileReference; lastKnownFileType = folder.assetcatalog; path = Assets.xcassets; sourceTree = "<group>"; };
		7F2E25BA22039EE800FEB12B /* Base */ = {isa = PBXFileReference; lastKnownFileType = file.storyboard; name = Base; path = Base.lproj/LaunchScreen.storyboard; sourceTree = "<group>"; };
		7F2E25BC22039EE800FEB12B /* Info.plist */ = {isa = PBXFileReference; lastKnownFileType = text.plist.xml; path = Info.plist; sourceTree = "<group>"; };
		7F2E25C122039EE800FEB12B /* WeatherTests.xctest */ = {isa = PBXFileReference; explicitFileType = wrapper.cfbundle; includeInIndex = 0; path = WeatherTests.xctest; sourceTree = BUILT_PRODUCTS_DIR; };
		7F2E25C522039EE800FEB12B /* WeatherTests.swift */ = {isa = PBXFileReference; lastKnownFileType = sourcecode.swift; path = WeatherTests.swift; sourceTree = "<group>"; };
		7F2E25C722039EE800FEB12B /* Info.plist */ = {isa = PBXFileReference; lastKnownFileType = text.plist.xml; path = Info.plist; sourceTree = "<group>"; };
		7F2E25D02204BC5400FEB12B /* APIWrapper.swift */ = {isa = PBXFileReference; lastKnownFileType = sourcecode.swift; path = APIWrapper.swift; sourceTree = "<group>"; };
		7F2E25D222075C6E00FEB12B /* Weather.swift */ = {isa = PBXFileReference; lastKnownFileType = sourcecode.swift; path = Weather.swift; sourceTree = "<group>"; };
		7F2E25D42207632900FEB12B /* WeatherViewController.swift */ = {isa = PBXFileReference; lastKnownFileType = sourcecode.swift; path = WeatherViewController.swift; sourceTree = "<group>"; };
		7F2E25D62207734900FEB12B /* UIAlertController+Navigation.swift */ = {isa = PBXFileReference; lastKnownFileType = sourcecode.swift; path = "UIAlertController+Navigation.swift"; sourceTree = "<group>"; };
/* End PBXFileReference section */

/* Begin PBXFrameworksBuildPhase section */
		7F2E25AA22039EE800FEB12B /* Frameworks */ = {
			isa = PBXFrameworksBuildPhase;
			buildActionMask = 2147483647;
			files = (
			);
			runOnlyForDeploymentPostprocessing = 0;
		};
		7F2E25BE22039EE800FEB12B /* Frameworks */ = {
			isa = PBXFrameworksBuildPhase;
			buildActionMask = 2147483647;
			files = (
			);
			runOnlyForDeploymentPostprocessing = 0;
		};
/* End PBXFrameworksBuildPhase section */

/* Begin PBXGroup section */
		7F2E25A422039EE700FEB12B = {
			isa = PBXGroup;
			children = (
				7F2E25AF22039EE800FEB12B /* Weather */,
				7F2E25C422039EE800FEB12B /* WeatherTests */,
				7F2E25AE22039EE800FEB12B /* Products */,
			);
			sourceTree = "<group>";
		};
		7F2E25AE22039EE800FEB12B /* Products */ = {
			isa = PBXGroup;
			children = (
				7F2E25AD22039EE800FEB12B /* Weather.app */,
				7F2E25C122039EE800FEB12B /* WeatherTests.xctest */,
			);
			name = Products;
			sourceTree = "<group>";
		};
		7F2E25AF22039EE800FEB12B /* Weather */ = {
			isa = PBXGroup;
			children = (
				7F2E25B022039EE800FEB12B /* AppDelegate.swift */,
				7F2E25B222039EE800FEB12B /* ViewController.swift */,
				7F2E25B422039EE800FEB12B /* Main.storyboard */,
				7F2E25B722039EE800FEB12B /* Assets.xcassets */,
				7F2E25B922039EE800FEB12B /* LaunchScreen.storyboard */,
				7F2E25BC22039EE800FEB12B /* Info.plist */,
				7F2E25D02204BC5400FEB12B /* APIWrapper.swift */,
				7F2E25D222075C6E00FEB12B /* Weather.swift */,
				7F2E25D42207632900FEB12B /* WeatherViewController.swift */,
				7F2E25D62207734900FEB12B /* UIAlertController+Navigation.swift */,
			);
			path = Weather;
			sourceTree = "<group>";
		};
		7F2E25C422039EE800FEB12B /* WeatherTests */ = {
			isa = PBXGroup;
			children = (
				7F2E25C522039EE800FEB12B /* WeatherTests.swift */,
				7F2E25C722039EE800FEB12B /* Info.plist */,
			);
			path = WeatherTests;
			sourceTree = "<group>";
		};
/* End PBXGroup section */

/* Begin PBXNativeTarget section */
		7F2E25AC22039EE800FEB12B /* Weather */ = {
			isa = PBXNativeTarget;
			buildConfigurationList = 7F2E25CA22039EE800FEB12B /* Build configuration list for PBXNativeTarget "Weather" */;
			buildPhases = (
				7F2E25A922039EE800FEB12B /* Sources */,
				7F2E25AA22039EE800FEB12B /* Frameworks */,
				7F2E25AB22039EE800FEB12B /* Resources */,
			);
			buildRules = (
			);
			dependencies = (
			);
			name = Weather;
			productName = Weather;
			productReference = 7F2E25AD22039EE800FEB12B /* Weather.app */;
			productType = "com.apple.product-type.application";
		};
		7F2E25C022039EE800FEB12B /* WeatherTests */ = {
			isa = PBXNativeTarget;
			buildConfigurationList = 7F2E25CD22039EE800FEB12B /* Build configuration list for PBXNativeTarget "WeatherTests" */;
			buildPhases = (
				7F2E25BD22039EE800FEB12B /* Sources */,
				7F2E25BE22039EE800FEB12B /* Frameworks */,
				7F2E25BF22039EE800FEB12B /* Resources */,
			);
			buildRules = (
			);
			dependencies = (
				7F2E25C322039EE800FEB12B /* PBXTargetDependency */,
			);
			name = WeatherTests;
			productName = WeatherTests;
			productReference = 7F2E25C122039EE800FEB12B /* WeatherTests.xctest */;
			productType = "com.apple.product-type.bundle.unit-test";
		};
/* End PBXNativeTarget section */

/* Begin PBXProject section */
		7F2E25A522039EE700FEB12B /* Project object */ = {
			isa = PBXProject;
			attributes = {
				LastSwiftUpdateCheck = 0920;
				LastUpgradeCheck = 0920;
				ORGANIZATIONNAME = "Jonathan Fotland";
				TargetAttributes = {
					7F2E25AC22039EE800FEB12B = {
						CreatedOnToolsVersion = 9.2;
						ProvisioningStyle = Automatic;
					};
					7F2E25C022039EE800FEB12B = {
						CreatedOnToolsVersion = 9.2;
						ProvisioningStyle = Automatic;
						TestTargetID = 7F2E25AC22039EE800FEB12B;
					};
				};
			};
			buildConfigurationList = 7F2E25A822039EE700FEB12B /* Build configuration list for PBXProject "Weather" */;
			compatibilityVersion = "Xcode 8.0";
			developmentRegion = en;
			hasScannedForEncodings = 0;
			knownRegions = (
				en,
				Base,
			);
			mainGroup = 7F2E25A422039EE700FEB12B;
			productRefGroup = 7F2E25AE22039EE800FEB12B /* Products */;
			projectDirPath = "";
			projectRoot = "";
			targets = (
				7F2E25AC22039EE800FEB12B /* Weather */,
				7F2E25C022039EE800FEB12B /* WeatherTests */,
			);
		};
/* End PBXProject section */

/* Begin PBXResourcesBuildPhase section */
		7F2E25AB22039EE800FEB12B /* Resources */ = {
			isa = PBXResourcesBuildPhase;
			buildActionMask = 2147483647;
			files = (
				7F2E25BB22039EE800FEB12B /* LaunchScreen.storyboard in Resources */,
				7F2E25B822039EE800FEB12B /* Assets.xcassets in Resources */,
				7F2E25B622039EE800FEB12B /* Main.storyboard in Resources */,
			);
			runOnlyForDeploymentPostprocessing = 0;
		};
		7F2E25BF22039EE800FEB12B /* Resources */ = {
			isa = PBXResourcesBuildPhase;
			buildActionMask = 2147483647;
			files = (
			);
			runOnlyForDeploymentPostprocessing = 0;
		};
/* End PBXResourcesBuildPhase section */

/* Begin PBXSourcesBuildPhase section */
		7F2E25A922039EE800FEB12B /* Sources */ = {
			isa = PBXSourcesBuildPhase;
			buildActionMask = 2147483647;
			files = (
				7F2E25D72207734900FEB12B /* UIAlertController+Navigation.swift in Sources */,
				7F2E25D322075C6E00FEB12B /* Weather.swift in Sources */,
				7F2E25D52207632900FEB12B /* WeatherViewController.swift in Sources */,
				7F2E25B322039EE800FEB12B /* ViewController.swift in Sources */,
				7F2E25D12204BC5500FEB12B /* APIWrapper.swift in Sources */,
				7F2E25B122039EE800FEB12B /* AppDelegate.swift in Sources */,
			);
			runOnlyForDeploymentPostprocessing = 0;
		};
		7F2E25BD22039EE800FEB12B /* Sources */ = {
			isa = PBXSourcesBuildPhase;
			buildActionMask = 2147483647;
			files = (
				7F2E25C622039EE800FEB12B /* WeatherTests.swift in Sources */,
			);
			runOnlyForDeploymentPostprocessing = 0;
		};
/* End PBXSourcesBuildPhase section */

/* Begin PBXTargetDependency section */
		7F2E25C322039EE800FEB12B /* PBXTargetDependency */ = {
			isa = PBXTargetDependency;
			target = 7F2E25AC22039EE800FEB12B /* Weather */;
			targetProxy = 7F2E25C222039EE800FEB12B /* PBXContainerItemProxy */;
		};
/* End PBXTargetDependency section */

/* Begin PBXVariantGroup section */
		7F2E25B422039EE800FEB12B /* Main.storyboard */ = {
			isa = PBXVariantGroup;
			children = (
				7F2E25B522039EE800FEB12B /* Base */,
			);
			name = Main.storyboard;
			sourceTree = "<group>";
		};
		7F2E25B922039EE800FEB12B /* LaunchScreen.storyboard */ = {
			isa = PBXVariantGroup;
			children = (
				7F2E25BA22039EE800FEB12B /* Base */,
			);
			name = LaunchScreen.storyboard;
			sourceTree = "<group>";
		};
/* End PBXVariantGroup section */

/* Begin XCBuildConfiguration section */
		7F2E25C822039EE800FEB12B /* Debug */ = {
			isa = XCBuildConfiguration;
			buildSettings = {
				ALWAYS_SEARCH_USER_PATHS = NO;
				CLANG_ANALYZER_NONNULL = YES;
				CLANG_ANALYZER_NUMBER_OBJECT_CONVERSION = YES_AGGRESSIVE;
				CLANG_CXX_LANGUAGE_STANDARD = "gnu++14";
				CLANG_CXX_LIBRARY = "libc++";
				CLANG_ENABLE_MODULES = YES;
				CLANG_ENABLE_OBJC_ARC = YES;
				CLANG_WARN_BLOCK_CAPTURE_AUTORELEASING = YES;
				CLANG_WARN_BOOL_CONVERSION = YES;
				CLANG_WARN_COMMA = YES;
				CLANG_WARN_CONSTANT_CONVERSION = YES;
				CLANG_WARN_DIRECT_OBJC_ISA_USAGE = YES_ERROR;
				CLANG_WARN_DOCUMENTATION_COMMENTS = YES;
				CLANG_WARN_EMPTY_BODY = YES;
				CLANG_WARN_ENUM_CONVERSION = YES;
				CLANG_WARN_INFINITE_RECURSION = YES;
				CLANG_WARN_INT_CONVERSION = YES;
				CLANG_WARN_NON_LITERAL_NULL_CONVERSION = YES;
				CLANG_WARN_OBJC_LITERAL_CONVERSION = YES;
				CLANG_WARN_OBJC_ROOT_CLASS = YES_ERROR;
				CLANG_WARN_RANGE_LOOP_ANALYSIS = YES;
				CLANG_WARN_STRICT_PROTOTYPES = YES;
				CLANG_WARN_SUSPICIOUS_MOVE = YES;
				CLANG_WARN_UNGUARDED_AVAILABILITY = YES_AGGRESSIVE;
				CLANG_WARN_UNREACHABLE_CODE = YES;
				CLANG_WARN__DUPLICATE_METHOD_MATCH = YES;
				CODE_SIGN_IDENTITY = "iPhone Developer";
				COPY_PHASE_STRIP = NO;
				DEBUG_INFORMATION_FORMAT = dwarf;
				ENABLE_STRICT_OBJC_MSGSEND = YES;
				ENABLE_TESTABILITY = YES;
				GCC_C_LANGUAGE_STANDARD = gnu11;
				GCC_DYNAMIC_NO_PIC = NO;
				GCC_NO_COMMON_BLOCKS = YES;
				GCC_OPTIMIZATION_LEVEL = 0;
				GCC_PREPROCESSOR_DEFINITIONS = (
					"DEBUG=1",
					"$(inherited)",
				);
				GCC_WARN_64_TO_32_BIT_CONVERSION = YES;
				GCC_WARN_ABOUT_RETURN_TYPE = YES_ERROR;
				GCC_WARN_UNDECLARED_SELECTOR = YES;
				GCC_WARN_UNINITIALIZED_AUTOS = YES_AGGRESSIVE;
				GCC_WARN_UNUSED_FUNCTION = YES;
				GCC_WARN_UNUSED_VARIABLE = YES;
				IPHONEOS_DEPLOYMENT_TARGET = 11.2;
				MTL_ENABLE_DEBUG_INFO = YES;
				ONLY_ACTIVE_ARCH = YES;
				SDKROOT = iphoneos;
				SWIFT_ACTIVE_COMPILATION_CONDITIONS = DEBUG;
				SWIFT_OPTIMIZATION_LEVEL = "-Onone";
			};
			name = Debug;
		};
		7F2E25C922039EE800FEB12B /* Release */ = {
			isa = XCBuildConfiguration;
			buildSettings = {
				ALWAYS_SEARCH_USER_PATHS = NO;
				CLANG_ANALYZER_NONNULL = YES;
				CLANG_ANALYZER_NUMBER_OBJECT_CONVERSION = YES_AGGRESSIVE;
				CLANG_CXX_LANGUAGE_STANDARD = "gnu++14";
				CLANG_CXX_LIBRARY = "libc++";
				CLANG_ENABLE_MODULES = YES;
				CLANG_ENABLE_OBJC_ARC = YES;
				CLANG_WARN_BLOCK_CAPTURE_AUTORELEASING = YES;
				CLANG_WARN_BOOL_CONVERSION = YES;
				CLANG_WARN_COMMA = YES;
				CLANG_WARN_CONSTANT_CONVERSION = YES;
				CLANG_WARN_DIRECT_OBJC_ISA_USAGE = YES_ERROR;
				CLANG_WARN_DOCUMENTATION_COMMENTS = YES;
				CLANG_WARN_EMPTY_BODY = YES;
				CLANG_WARN_ENUM_CONVERSION = YES;
				CLANG_WARN_INFINITE_RECURSION = YES;
				CLANG_WARN_INT_CONVERSION = YES;
				CLANG_WARN_NON_LITERAL_NULL_CONVERSION = YES;
				CLANG_WARN_OBJC_LITERAL_CONVERSION = YES;
				CLANG_WARN_OBJC_ROOT_CLASS = YES_ERROR;
				CLANG_WARN_RANGE_LOOP_ANALYSIS = YES;
				CLANG_WARN_STRICT_PROTOTYPES = YES;
				CLANG_WARN_SUSPICIOUS_MOVE = YES;
				CLANG_WARN_UNGUARDED_AVAILABILITY = YES_AGGRESSIVE;
				CLANG_WARN_UNREACHABLE_CODE = YES;
				CLANG_WARN__DUPLICATE_METHOD_MATCH = YES;
				CODE_SIGN_IDENTITY = "iPhone Developer";
				COPY_PHASE_STRIP = NO;
				DEBUG_INFORMATION_FORMAT = "dwarf-with-dsym";
				ENABLE_NS_ASSERTIONS = NO;
				ENABLE_STRICT_OBJC_MSGSEND = YES;
				GCC_C_LANGUAGE_STANDARD = gnu11;
				GCC_NO_COMMON_BLOCKS = YES;
				GCC_WARN_64_TO_32_BIT_CONVERSION = YES;
				GCC_WARN_ABOUT_RETURN_TYPE = YES_ERROR;
				GCC_WARN_UNDECLARED_SELECTOR = YES;
				GCC_WARN_UNINITIALIZED_AUTOS = YES_AGGRESSIVE;
				GCC_WARN_UNUSED_FUNCTION = YES;
				GCC_WARN_UNUSED_VARIABLE = YES;
				IPHONEOS_DEPLOYMENT_TARGET = 11.2;
				MTL_ENABLE_DEBUG_INFO = NO;
				SDKROOT = iphoneos;
				SWIFT_OPTIMIZATION_LEVEL = "-Owholemodule";
				VALIDATE_PRODUCT = YES;
			};
			name = Release;
		};
		7F2E25CB22039EE800FEB12B /* Debug */ = {
			isa = XCBuildConfiguration;
			buildSettings = {
				ASSETCATALOG_COMPILER_APPICON_NAME = AppIcon;
				CODE_SIGN_STYLE = Automatic;
				DEVELOPMENT_TEAM = 8BN6DVT59H;
				INFOPLIST_FILE = Weather/Info.plist;
				LD_RUNPATH_SEARCH_PATHS = "$(inherited) @executable_path/Frameworks";
				PRODUCT_BUNDLE_IDENTIFIER = com.jonathanFotland.Weather;
				PRODUCT_NAME = "$(TARGET_NAME)";
				SWIFT_VERSION = 4.0;
				TARGETED_DEVICE_FAMILY = "1,2";
			};
			name = Debug;
		};
		7F2E25CC22039EE800FEB12B /* Release */ = {
			isa = XCBuildConfiguration;
			buildSettings = {
				ASSETCATALOG_COMPILER_APPICON_NAME = AppIcon;
				CODE_SIGN_STYLE = Automatic;
				DEVELOPMENT_TEAM = 8BN6DVT59H;
				INFOPLIST_FILE = Weather/Info.plist;
				LD_RUNPATH_SEARCH_PATHS = "$(inherited) @executable_path/Frameworks";
				PRODUCT_BUNDLE_IDENTIFIER = com.jonathanFotland.Weather;
				PRODUCT_NAME = "$(TARGET_NAME)";
				SWIFT_VERSION = 4.0;
				TARGETED_DEVICE_FAMILY = "1,2";
			};
			name = Release;
		};
		7F2E25CE22039EE800FEB12B /* Debug */ = {
			isa = XCBuildConfiguration;
			buildSettings = {
				ALWAYS_EMBED_SWIFT_STANDARD_LIBRARIES = YES;
				BUNDLE_LOADER = "$(TEST_HOST)";
				CODE_SIGN_STYLE = Automatic;
				DEVELOPMENT_TEAM = 8BN6DVT59H;
				INFOPLIST_FILE = WeatherTests/Info.plist;
				LD_RUNPATH_SEARCH_PATHS = "$(inherited) @executable_path/Frameworks @loader_path/Frameworks";
				PRODUCT_BUNDLE_IDENTIFIER = com.jonathanFotland.WeatherTests;
				PRODUCT_NAME = "$(TARGET_NAME)";
				SWIFT_VERSION = 4.0;
				TARGETED_DEVICE_FAMILY = "1,2";
				TEST_HOST = "$(BUILT_PRODUCTS_DIR)/Weather.app/Weather";
			};
			name = Debug;
		};
		7F2E25CF22039EE800FEB12B /* Release */ = {
			isa = XCBuildConfiguration;
			buildSettings = {
				ALWAYS_EMBED_SWIFT_STANDARD_LIBRARIES = YES;
				BUNDLE_LOADER = "$(TEST_HOST)";
				CODE_SIGN_STYLE = Automatic;
				DEVELOPMENT_TEAM = 8BN6DVT59H;
				INFOPLIST_FILE = WeatherTests/Info.plist;
				LD_RUNPATH_SEARCH_PATHS = "$(inherited) @executable_path/Frameworks @loader_path/Frameworks";
				PRODUCT_BUNDLE_IDENTIFIER = com.jonathanFotland.WeatherTests;
				PRODUCT_NAME = "$(TARGET_NAME)";
				SWIFT_VERSION = 4.0;
				TARGETED_DEVICE_FAMILY = "1,2";
				TEST_HOST = "$(BUILT_PRODUCTS_DIR)/Weather.app/Weather";
			};
			name = Release;
		};
/* End XCBuildConfiguration section */

/* Begin XCConfigurationList section */
		7F2E25A822039EE700FEB12B /* Build configuration list for PBXProject "Weather" */ = {
			isa = XCConfigurationList;
			buildConfigurations = (
				7F2E25C822039EE800FEB12B /* Debug */,
				7F2E25C922039EE800FEB12B /* Release */,
			);
			defaultConfigurationIsVisible = 0;
			defaultConfigurationName = Release;
		};
		7F2E25CA22039EE800FEB12B /* Build configuration list for PBXNativeTarget "Weather" */ = {
			isa = XCConfigurationList;
			buildConfigurations = (
				7F2E25CB22039EE800FEB12B /* Debug */,
				7F2E25CC22039EE800FEB12B /* Release */,
			);
			defaultConfigurationIsVisible = 0;
			defaultConfigurationName = Release;
		};
		7F2E25CD22039EE800FEB12B /* Build configuration list for PBXNativeTarget "WeatherTests" */ = {
			isa = XCConfigurationList;
			buildConfigurations = (
				7F2E25CE22039EE800FEB12B /* Debug */,
				7F2E25CF22039EE800FEB12B /* Release */,
			);
			defaultConfigurationIsVisible = 0;
			defaultConfigurationName = Release;
		};
/* End XCConfigurationList section */
	};
	rootObject = 7F2E25A522039EE700FEB12B /* Project object */;
}
